// !$*UTF8*$!
{
	archiveVersion = 1;
	classes = {
	};
	objectVersion = 55;
	objects = {

/* Begin PBXBuildFile section */
		79D5C286EE4FD6285945EB95 /* Pods_AuthorizationForm.framework in Frameworks */ = {isa = PBXBuildFile; fileRef = CBFB62366EB65FD28460A5D1 /* Pods_AuthorizationForm.framework */; };
		BB75320427FDCE2900E520E5 /* AppDelegate.swift in Sources */ = {isa = PBXBuildFile; fileRef = BB75320327FDCE2900E520E5 /* AppDelegate.swift */; };
		BB75320627FDCE2900E520E5 /* SceneDelegate.swift in Sources */ = {isa = PBXBuildFile; fileRef = BB75320527FDCE2900E520E5 /* SceneDelegate.swift */; };
		BB75320827FDCE2900E520E5 /* ViewController.swift in Sources */ = {isa = PBXBuildFile; fileRef = BB75320727FDCE2900E520E5 /* ViewController.swift */; };
		BB75320B27FDCE2900E520E5 /* Main.storyboard in Resources */ = {isa = PBXBuildFile; fileRef = BB75320927FDCE2900E520E5 /* Main.storyboard */; };
		BB75320D27FDCE2D00E520E5 /* Assets.xcassets in Resources */ = {isa = PBXBuildFile; fileRef = BB75320C27FDCE2D00E520E5 /* Assets.xcassets */; };
		BB75321027FDCE2D00E520E5 /* LaunchScreen.storyboard in Resources */ = {isa = PBXBuildFile; fileRef = BB75320E27FDCE2D00E520E5 /* LaunchScreen.storyboard */; };
		BB75322327FDD9AD00E520E5 /* AuthorizationViewController.swift in Sources */ = {isa = PBXBuildFile; fileRef = BB75322127FDD9AD00E520E5 /* AuthorizationViewController.swift */; };
		BB75322427FDD9AD00E520E5 /* AuthorizationViewController.xib in Resources */ = {isa = PBXBuildFile; fileRef = BB75322227FDD9AD00E520E5 /* AuthorizationViewController.xib */; };
		BB75322A27FEC74200E520E5 /* SFPRODISPLAYBOLD.OTF in Resources */ = {isa = PBXBuildFile; fileRef = BB75322827FDE16300E520E5 /* SFPRODISPLAYBOLD.OTF */; };
		BB75322B27FEC75B00E520E5 /* SFPRODISPLAYMEDIUM.OTF in Resources */ = {isa = PBXBuildFile; fileRef = BB75322927FE0F0F00E520E5 /* SFPRODISPLAYMEDIUM.OTF */; };
		BB75322D27FEE53200E520E5 /* WebKitController.swift in Sources */ = {isa = PBXBuildFile; fileRef = BB75322C27FEE53200E520E5 /* WebKitController.swift */; };
		BB753234280038DE00E520E5 /* Extensions.swift in Sources */ = {isa = PBXBuildFile; fileRef = BB753233280038DE00E520E5 /* Extensions.swift */; };
		BB7532372800541B00E520E5 /* NetworkService.swift in Sources */ = {isa = PBXBuildFile; fileRef = BB7532362800541B00E520E5 /* NetworkService.swift */; };
		BB75323A28016C5100E520E5 /* Model.swift in Sources */ = {isa = PBXBuildFile; fileRef = BB75323928016C5100E520E5 /* Model.swift */; };
/* End PBXBuildFile section */

/* Begin PBXFileReference section */
		0B4BCD254F56121CBD40E49A /* Pods-AuthorizationForm.release.xcconfig */ = {isa = PBXFileReference; includeInIndex = 1; lastKnownFileType = text.xcconfig; name = "Pods-AuthorizationForm.release.xcconfig"; path = "Target Support Files/Pods-AuthorizationForm/Pods-AuthorizationForm.release.xcconfig"; sourceTree = "<group>"; };
		BB75320027FDCE2900E520E5 /* AuthorizationForm.app */ = {isa = PBXFileReference; explicitFileType = wrapper.application; includeInIndex = 0; path = AuthorizationForm.app; sourceTree = BUILT_PRODUCTS_DIR; };
		BB75320327FDCE2900E520E5 /* AppDelegate.swift */ = {isa = PBXFileReference; lastKnownFileType = sourcecode.swift; path = AppDelegate.swift; sourceTree = "<group>"; };
		BB75320527FDCE2900E520E5 /* SceneDelegate.swift */ = {isa = PBXFileReference; lastKnownFileType = sourcecode.swift; path = SceneDelegate.swift; sourceTree = "<group>"; };
		BB75320727FDCE2900E520E5 /* ViewController.swift */ = {isa = PBXFileReference; lastKnownFileType = sourcecode.swift; path = ViewController.swift; sourceTree = "<group>"; };
		BB75320A27FDCE2900E520E5 /* Base */ = {isa = PBXFileReference; lastKnownFileType = file.storyboard; name = Base; path = Base.lproj/Main.storyboard; sourceTree = "<group>"; };
		BB75320C27FDCE2D00E520E5 /* Assets.xcassets */ = {isa = PBXFileReference; lastKnownFileType = folder.assetcatalog; path = Assets.xcassets; sourceTree = "<group>"; };
		BB75320F27FDCE2D00E520E5 /* Base */ = {isa = PBXFileReference; lastKnownFileType = file.storyboard; name = Base; path = Base.lproj/LaunchScreen.storyboard; sourceTree = "<group>"; };
		BB75321127FDCE2D00E520E5 /* Info.plist */ = {isa = PBXFileReference; lastKnownFileType = text.plist.xml; path = Info.plist; sourceTree = "<group>"; };
		BB75322127FDD9AD00E520E5 /* AuthorizationViewController.swift */ = {isa = PBXFileReference; lastKnownFileType = sourcecode.swift; path = AuthorizationViewController.swift; sourceTree = "<group>"; };
		BB75322227FDD9AD00E520E5 /* AuthorizationViewController.xib */ = {isa = PBXFileReference; lastKnownFileType = file.xib; path = AuthorizationViewController.xib; sourceTree = "<group>"; };
		BB75322827FDE16300E520E5 /* SFPRODISPLAYBOLD.OTF */ = {isa = PBXFileReference; lastKnownFileType = file; path = SFPRODISPLAYBOLD.OTF; sourceTree = "<group>"; };
		BB75322927FE0F0F00E520E5 /* SFPRODISPLAYMEDIUM.OTF */ = {isa = PBXFileReference; lastKnownFileType = file; path = SFPRODISPLAYMEDIUM.OTF; sourceTree = "<group>"; };
		BB75322C27FEE53200E520E5 /* WebKitController.swift */ = {isa = PBXFileReference; lastKnownFileType = sourcecode.swift; path = WebKitController.swift; sourceTree = "<group>"; };
		BB753233280038DE00E520E5 /* Extensions.swift */ = {isa = PBXFileReference; lastKnownFileType = sourcecode.swift; path = Extensions.swift; sourceTree = "<group>"; };
		BB7532362800541B00E520E5 /* NetworkService.swift */ = {isa = PBXFileReference; lastKnownFileType = sourcecode.swift; path = NetworkService.swift; sourceTree = "<group>"; };
		BB75323928016C5100E520E5 /* Model.swift */ = {isa = PBXFileReference; lastKnownFileType = sourcecode.swift; path = Model.swift; sourceTree = "<group>"; };
		C4A7A32D1FAB32DB616E6336 /* Pods-AuthorizationForm.debug.xcconfig */ = {isa = PBXFileReference; includeInIndex = 1; lastKnownFileType = text.xcconfig; name = "Pods-AuthorizationForm.debug.xcconfig"; path = "Target Support Files/Pods-AuthorizationForm/Pods-AuthorizationForm.debug.xcconfig"; sourceTree = "<group>"; };
		CBFB62366EB65FD28460A5D1 /* Pods_AuthorizationForm.framework */ = {isa = PBXFileReference; explicitFileType = wrapper.framework; includeInIndex = 0; path = Pods_AuthorizationForm.framework; sourceTree = BUILT_PRODUCTS_DIR; };
/* End PBXFileReference section */

/* Begin PBXFrameworksBuildPhase section */
		BB7531FD27FDCE2900E520E5 /* Frameworks */ = {
			isa = PBXFrameworksBuildPhase;
			buildActionMask = 2147483647;
			files = (
				79D5C286EE4FD6285945EB95 /* Pods_AuthorizationForm.framework in Frameworks */,
			);
			runOnlyForDeploymentPostprocessing = 0;
		};
/* End PBXFrameworksBuildPhase section */

/* Begin PBXGroup section */
		12B063145D7F7E8B5EA7B8AE /* Pods */ = {
			isa = PBXGroup;
			children = (
				C4A7A32D1FAB32DB616E6336 /* Pods-AuthorizationForm.debug.xcconfig */,
				0B4BCD254F56121CBD40E49A /* Pods-AuthorizationForm.release.xcconfig */,
			);
			path = Pods;
			sourceTree = "<group>";
		};
		7CA09E4EE7F3D3E3B7411219 /* Frameworks */ = {
			isa = PBXGroup;
			children = (
				CBFB62366EB65FD28460A5D1 /* Pods_AuthorizationForm.framework */,
			);
			name = Frameworks;
			sourceTree = "<group>";
		};
		BB7531F727FDCE2900E520E5 = {
			isa = PBXGroup;
			children = (
				BB75320227FDCE2900E520E5 /* AuthorizationForm */,
				BB75320127FDCE2900E520E5 /* Products */,
				12B063145D7F7E8B5EA7B8AE /* Pods */,
				7CA09E4EE7F3D3E3B7411219 /* Frameworks */,
			);
			sourceTree = "<group>";
		};
		BB75320127FDCE2900E520E5 /* Products */ = {
			isa = PBXGroup;
			children = (
				BB75320027FDCE2900E520E5 /* AuthorizationForm.app */,
			);
			name = Products;
			sourceTree = "<group>";
		};
		BB75320227FDCE2900E520E5 /* AuthorizationForm */ = {
			isa = PBXGroup;
			children = (
				BB75323828015B0200E520E5 /* Model */,
				BB75321D27FDD0AB00E520E5 /* Xib */,
				BB75320327FDCE2900E520E5 /* AppDelegate.swift */,
				BB75320527FDCE2900E520E5 /* SceneDelegate.swift */,
				BB75320727FDCE2900E520E5 /* ViewController.swift */,
				BB75321727FDCF9D00E520E5 /* Controller */,
				BB7532352800540900E520E5 /* API */,
				BB753232280038C500E520E5 /* Utils */,
				BB75322527FDDF5F00E520E5 /* Font */,
				BB75320927FDCE2900E520E5 /* Main.storyboard */,
				BB75320C27FDCE2D00E520E5 /* Assets.xcassets */,
				BB75320E27FDCE2D00E520E5 /* LaunchScreen.storyboard */,
				BB75321127FDCE2D00E520E5 /* Info.plist */,
			);
			path = AuthorizationForm;
			sourceTree = "<group>";
		};
		BB75321727FDCF9D00E520E5 /* Controller */ = {
			isa = PBXGroup;
			children = (
				BB75322127FDD9AD00E520E5 /* AuthorizationViewController.swift */,
				BB75322C27FEE53200E520E5 /* WebKitController.swift */,
			);
			path = Controller;
			sourceTree = "<group>";
		};
		BB75321D27FDD0AB00E520E5 /* Xib */ = {
			isa = PBXGroup;
			children = (
				BB75322227FDD9AD00E520E5 /* AuthorizationViewController.xib */,
			);
			path = Xib;
			sourceTree = "<group>";
		};
		BB75322527FDDF5F00E520E5 /* Font */ = {
			isa = PBXGroup;
			children = (
				BB75322827FDE16300E520E5 /* SFPRODISPLAYBOLD.OTF */,
				BB75322927FE0F0F00E520E5 /* SFPRODISPLAYMEDIUM.OTF */,
			);
			path = Font;
			sourceTree = "<group>";
		};
		BB753232280038C500E520E5 /* Utils */ = {
			isa = PBXGroup;
			children = (
				BB753233280038DE00E520E5 /* Extensions.swift */,
			);
			path = Utils;
			sourceTree = "<group>";
		};
		BB7532352800540900E520E5 /* API */ = {
			isa = PBXGroup;
			children = (
				BB7532362800541B00E520E5 /* NetworkService.swift */,
			);
			path = API;
			sourceTree = "<group>";
		};
		BB75323828015B0200E520E5 /* Model */ = {
			isa = PBXGroup;
			children = (
				BB75323928016C5100E520E5 /* Model.swift */,
			);
			path = Model;
			sourceTree = "<group>";
		};
/* End PBXGroup section */

/* Begin PBXNativeTarget section */
		BB7531FF27FDCE2900E520E5 /* AuthorizationForm */ = {
			isa = PBXNativeTarget;
			buildConfigurationList = BB75321427FDCE2D00E520E5 /* Build configuration list for PBXNativeTarget "AuthorizationForm" */;
			buildPhases = (
				6826E6B4205424D008D37B62 /* [CP] Check Pods Manifest.lock */,
				BB7531FC27FDCE2900E520E5 /* Sources */,
				BB7531FD27FDCE2900E520E5 /* Frameworks */,
				BB7531FE27FDCE2900E520E5 /* Resources */,
				BC4B678C8E9C9FBB0E4BDD49 /* [CP] Embed Pods Frameworks */,
			);
			buildRules = (
			);
			dependencies = (
			);
			name = AuthorizationForm;
			productName = AuthorizationForm;
			productReference = BB75320027FDCE2900E520E5 /* AuthorizationForm.app */;
			productType = "com.apple.product-type.application";
		};
/* End PBXNativeTarget section */

/* Begin PBXProject section */
		BB7531F827FDCE2900E520E5 /* Project object */ = {
			isa = PBXProject;
			attributes = {
				BuildIndependentTargetsInParallel = 1;
				LastSwiftUpdateCheck = 1320;
				LastUpgradeCheck = 1320;
				TargetAttributes = {
					BB7531FF27FDCE2900E520E5 = {
						CreatedOnToolsVersion = 13.2.1;
					};
				};
			};
			buildConfigurationList = BB7531FB27FDCE2900E520E5 /* Build configuration list for PBXProject "AuthorizationForm" */;
			compatibilityVersion = "Xcode 13.0";
			developmentRegion = en;
			hasScannedForEncodings = 0;
			knownRegions = (
				en,
				Base,
			);
			mainGroup = BB7531F727FDCE2900E520E5;
			productRefGroup = BB75320127FDCE2900E520E5 /* Products */;
			projectDirPath = "";
			projectRoot = "";
			targets = (
				BB7531FF27FDCE2900E520E5 /* AuthorizationForm */,
			);
		};
/* End PBXProject section */

/* Begin PBXResourcesBuildPhase section */
		BB7531FE27FDCE2900E520E5 /* Resources */ = {
			isa = PBXResourcesBuildPhase;
			buildActionMask = 2147483647;
			files = (
				BB75322B27FEC75B00E520E5 /* SFPRODISPLAYMEDIUM.OTF in Resources */,
				BB75322427FDD9AD00E520E5 /* AuthorizationViewController.xib in Resources */,
				BB75321027FDCE2D00E520E5 /* LaunchScreen.storyboard in Resources */,
				BB75320D27FDCE2D00E520E5 /* Assets.xcassets in Resources */,
				BB75322A27FEC74200E520E5 /* SFPRODISPLAYBOLD.OTF in Resources */,
				BB75320B27FDCE2900E520E5 /* Main.storyboard in Resources */,
			);
			runOnlyForDeploymentPostprocessing = 0;
		};
/* End PBXResourcesBuildPhase section */

/* Begin PBXShellScriptBuildPhase section */
		6826E6B4205424D008D37B62 /* [CP] Check Pods Manifest.lock */ = {
			isa = PBXShellScriptBuildPhase;
			buildActionMask = 2147483647;
			files = (
			);
			inputFileListPaths = (
			);
			inputPaths = (
				"${PODS_PODFILE_DIR_PATH}/Podfile.lock",
				"${PODS_ROOT}/Manifest.lock",
			);
			name = "[CP] Check Pods Manifest.lock";
			outputFileListPaths = (
			);
			outputPaths = (
				"$(DERIVED_FILE_DIR)/Pods-AuthorizationForm-checkManifestLockResult.txt",
			);
			runOnlyForDeploymentPostprocessing = 0;
			shellPath = /bin/sh;
			shellScript = "diff \"${PODS_PODFILE_DIR_PATH}/Podfile.lock\" \"${PODS_ROOT}/Manifest.lock\" > /dev/null\nif [ $? != 0 ] ; then\n    # print error to STDERR\n    echo \"error: The sandbox is not in sync with the Podfile.lock. Run 'pod install' or update your CocoaPods installation.\" >&2\n    exit 1\nfi\n# This output is used by Xcode 'outputs' to avoid re-running this script phase.\necho \"SUCCESS\" > \"${SCRIPT_OUTPUT_FILE_0}\"\n";
			showEnvVarsInLog = 0;
		};
		BC4B678C8E9C9FBB0E4BDD49 /* [CP] Embed Pods Frameworks */ = {
			isa = PBXShellScriptBuildPhase;
			buildActionMask = 2147483647;
			files = (
			);
			inputFileListPaths = (
				"${PODS_ROOT}/Target Support Files/Pods-AuthorizationForm/Pods-AuthorizationForm-frameworks-${CONFIGURATION}-input-files.xcfilelist",
			);
			name = "[CP] Embed Pods Frameworks";
			outputFileListPaths = (
				"${PODS_ROOT}/Target Support Files/Pods-AuthorizationForm/Pods-AuthorizationForm-frameworks-${CONFIGURATION}-output-files.xcfilelist",
			);
			runOnlyForDeploymentPostprocessing = 0;
			shellPath = /bin/sh;
			shellScript = "\"${PODS_ROOT}/Target Support Files/Pods-AuthorizationForm/Pods-AuthorizationForm-frameworks.sh\"\n";
			showEnvVarsInLog = 0;
		};
/* End PBXShellScriptBuildPhase section */

/* Begin PBXSourcesBuildPhase section */
		BB7531FC27FDCE2900E520E5 /* Sources */ = {
			isa = PBXSourcesBuildPhase;
			buildActionMask = 2147483647;
			files = (
				BB75322D27FEE53200E520E5 /* WebKitController.swift in Sources */,
				BB753234280038DE00E520E5 /* Extensions.swift in Sources */,
				BB75320827FDCE2900E520E5 /* ViewController.swift in Sources */,
				BB75320427FDCE2900E520E5 /* AppDelegate.swift in Sources */,
				BB75322327FDD9AD00E520E5 /* AuthorizationViewController.swift in Sources */,
				BB75320627FDCE2900E520E5 /* SceneDelegate.swift in Sources */,
				BB7532372800541B00E520E5 /* NetworkService.swift in Sources */,
				BB75323A28016C5100E520E5 /* Model.swift in Sources */,
			);
			runOnlyForDeploymentPostprocessing = 0;
		};
/* End PBXSourcesBuildPhase section */

/* Begin PBXVariantGroup section */
		BB75320927FDCE2900E520E5 /* Main.storyboard */ = {
			isa = PBXVariantGroup;
			children = (
				BB75320A27FDCE2900E520E5 /* Base */,
			);
			name = Main.storyboard;
			sourceTree = "<group>";
		};
		BB75320E27FDCE2D00E520E5 /* LaunchScreen.storyboard */ = {
			isa = PBXVariantGroup;
			children = (
				BB75320F27FDCE2D00E520E5 /* Base */,
			);
			name = LaunchScreen.storyboard;
			sourceTree = "<group>";
		};
/* End PBXVariantGroup section */

/* Begin XCBuildConfiguration section */
		BB75321227FDCE2D00E520E5 /* Debug */ = {
			isa = XCBuildConfiguration;
			buildSettings = {
				ALWAYS_SEARCH_USER_PATHS = NO;
				CLANG_ANALYZER_NONNULL = YES;
				CLANG_ANALYZER_NUMBER_OBJECT_CONVERSION = YES_AGGRESSIVE;
				CLANG_CXX_LANGUAGE_STANDARD = "gnu++17";
				CLANG_CXX_LIBRARY = "libc++";
				CLANG_ENABLE_MODULES = YES;
				CLANG_ENABLE_OBJC_ARC = YES;
				CLANG_ENABLE_OBJC_WEAK = YES;
				CLANG_WARN_BLOCK_CAPTURE_AUTORELEASING = YES;
				CLANG_WARN_BOOL_CONVERSION = YES;
				CLANG_WARN_COMMA = YES;
				CLANG_WARN_CONSTANT_CONVERSION = YES;
				CLANG_WARN_DEPRECATED_OBJC_IMPLEMENTATIONS = YES;
				CLANG_WARN_DIRECT_OBJC_ISA_USAGE = YES_ERROR;
				CLANG_WARN_DOCUMENTATION_COMMENTS = YES;
				CLANG_WARN_EMPTY_BODY = YES;
				CLANG_WARN_ENUM_CONVERSION = YES;
				CLANG_WARN_INFINITE_RECURSION = YES;
				CLANG_WARN_INT_CONVERSION = YES;
				CLANG_WARN_NON_LITERAL_NULL_CONVERSION = YES;
				CLANG_WARN_OBJC_IMPLICIT_RETAIN_SELF = YES;
				CLANG_WARN_OBJC_LITERAL_CONVERSION = YES;
				CLANG_WARN_OBJC_ROOT_CLASS = YES_ERROR;
				CLANG_WARN_QUOTED_INCLUDE_IN_FRAMEWORK_HEADER = YES;
				CLANG_WARN_RANGE_LOOP_ANALYSIS = YES;
				CLANG_WARN_STRICT_PROTOTYPES = YES;
				CLANG_WARN_SUSPICIOUS_MOVE = YES;
				CLANG_WARN_UNGUARDED_AVAILABILITY = YES_AGGRESSIVE;
				CLANG_WARN_UNREACHABLE_CODE = YES;
				CLANG_WARN__DUPLICATE_METHOD_MATCH = YES;
				COPY_PHASE_STRIP = NO;
				DEBUG_INFORMATION_FORMAT = dwarf;
				ENABLE_STRICT_OBJC_MSGSEND = YES;
				ENABLE_TESTABILITY = YES;
				GCC_C_LANGUAGE_STANDARD = gnu11;
				GCC_DYNAMIC_NO_PIC = NO;
				GCC_NO_COMMON_BLOCKS = YES;
				GCC_OPTIMIZATION_LEVEL = 0;
				GCC_PREPROCESSOR_DEFINITIONS = (
					"DEBUG=1",
					"$(inherited)",
				);
				GCC_WARN_64_TO_32_BIT_CONVERSION = YES;
				GCC_WARN_ABOUT_RETURN_TYPE = YES_ERROR;
				GCC_WARN_UNDECLARED_SELECTOR = YES;
				GCC_WARN_UNINITIALIZED_AUTOS = YES_AGGRESSIVE;
				GCC_WARN_UNUSED_FUNCTION = YES;
				GCC_WARN_UNUSED_VARIABLE = YES;
				IPHONEOS_DEPLOYMENT_TARGET = 15.2;
				MTL_ENABLE_DEBUG_INFO = INCLUDE_SOURCE;
				MTL_FAST_MATH = YES;
				ONLY_ACTIVE_ARCH = YES;
				SDKROOT = iphoneos;
				SWIFT_ACTIVE_COMPILATION_CONDITIONS = DEBUG;
				SWIFT_OPTIMIZATION_LEVEL = "-Onone";
			};
			name = Debug;
		};
		BB75321327FDCE2D00E520E5 /* Release */ = {
			isa = XCBuildConfiguration;
			buildSettings = {
				ALWAYS_SEARCH_USER_PATHS = NO;
				CLANG_ANALYZER_NONNULL = YES;
				CLANG_ANALYZER_NUMBER_OBJECT_CONVERSION = YES_AGGRESSIVE;
				CLANG_CXX_LANGUAGE_STANDARD = "gnu++17";
				CLANG_CXX_LIBRARY = "libc++";
				CLANG_ENABLE_MODULES = YES;
				CLANG_ENABLE_OBJC_ARC = YES;
				CLANG_ENABLE_OBJC_WEAK = YES;
				CLANG_WARN_BLOCK_CAPTURE_AUTORELEASING = YES;
				CLANG_WARN_BOOL_CONVERSION = YES;
				CLANG_WARN_COMMA = YES;
				CLANG_WARN_CONSTANT_CONVERSION = YES;
				CLANG_WARN_DEPRECATED_OBJC_IMPLEMENTATIONS = YES;
				CLANG_WARN_DIRECT_OBJC_ISA_USAGE = YES_ERROR;
				CLANG_WARN_DOCUMENTATION_COMMENTS = YES;
				CLANG_WARN_EMPTY_BODY = YES;
				CLANG_WARN_ENUM_CONVERSION = YES;
				CLANG_WARN_INFINITE_RECURSION = YES;
				CLANG_WARN_INT_CONVERSION = YES;
				CLANG_WARN_NON_LITERAL_NULL_CONVERSION = YES;
				CLANG_WARN_OBJC_IMPLICIT_RETAIN_SELF = YES;
				CLANG_WARN_OBJC_LITERAL_CONVERSION = YES;
				CLANG_WARN_OBJC_ROOT_CLASS = YES_ERROR;
				CLANG_WARN_QUOTED_INCLUDE_IN_FRAMEWORK_HEADER = YES;
				CLANG_WARN_RANGE_LOOP_ANALYSIS = YES;
				CLANG_WARN_STRICT_PROTOTYPES = YES;
				CLANG_WARN_SUSPICIOUS_MOVE = YES;
				CLANG_WARN_UNGUARDED_AVAILABILITY = YES_AGGRESSIVE;
				CLANG_WARN_UNREACHABLE_CODE = YES;
				CLANG_WARN__DUPLICATE_METHOD_MATCH = YES;
				COPY_PHASE_STRIP = NO;
				DEBUG_INFORMATION_FORMAT = "dwarf-with-dsym";
				ENABLE_NS_ASSERTIONS = NO;
				ENABLE_STRICT_OBJC_MSGSEND = YES;
				GCC_C_LANGUAGE_STANDARD = gnu11;
				GCC_NO_COMMON_BLOCKS = YES;
				GCC_WARN_64_TO_32_BIT_CONVERSION = YES;
				GCC_WARN_ABOUT_RETURN_TYPE = YES_ERROR;
				GCC_WARN_UNDECLARED_SELECTOR = YES;
				GCC_WARN_UNINITIALIZED_AUTOS = YES_AGGRESSIVE;
				GCC_WARN_UNUSED_FUNCTION = YES;
				GCC_WARN_UNUSED_VARIABLE = YES;
				IPHONEOS_DEPLOYMENT_TARGET = 15.2;
				MTL_ENABLE_DEBUG_INFO = NO;
				MTL_FAST_MATH = YES;
				SDKROOT = iphoneos;
				SWIFT_COMPILATION_MODE = wholemodule;
				SWIFT_OPTIMIZATION_LEVEL = "-O";
				VALIDATE_PRODUCT = YES;
			};
			name = Release;
		};
		BB75321527FDCE2D00E520E5 /* Debug */ = {
			isa = XCBuildConfiguration;
			baseConfigurationReference = C4A7A32D1FAB32DB616E6336 /* Pods-AuthorizationForm.debug.xcconfig */;
			buildSettings = {
				ASSETCATALOG_COMPILER_APPICON_NAME = AppIcon;
				ASSETCATALOG_COMPILER_GLOBAL_ACCENT_COLOR_NAME = AccentColor;
				CODE_SIGN_STYLE = Automatic;
				CURRENT_PROJECT_VERSION = 1;
				DEVELOPMENT_TEAM = 4G4D5WHAZT;
				GENERATE_INFOPLIST_FILE = YES;
				INFOPLIST_FILE = AuthorizationForm/Info.plist;
				INFOPLIST_KEY_UIApplicationSupportsIndirectInputEvents = YES;
				INFOPLIST_KEY_UILaunchStoryboardName = LaunchScreen;
				INFOPLIST_KEY_UIMainStoryboardFile = Main;
				INFOPLIST_KEY_UIStatusBarHidden = NO;
				INFOPLIST_KEY_UISupportedInterfaceOrientations_iPad = "UIInterfaceOrientationPortrait UIInterfaceOrientationPortraitUpsideDown UIInterfaceOrientationLandscapeLeft UIInterfaceOrientationLandscapeRight";
				INFOPLIST_KEY_UISupportedInterfaceOrientations_iPhone = "UIInterfaceOrientationPortrait UIInterfaceOrientationLandscapeLeft UIInterfaceOrientationLandscapeRight";
				LD_RUNPATH_SEARCH_PATHS = (
					"$(inherited)",
					"@executable_path/Frameworks",
				);
				MARKETING_VERSION = 1.0;
				PRODUCT_BUNDLE_IDENTIFIER = local.AuthorizationForm;
				PRODUCT_NAME = "$(TARGET_NAME)";
				SWIFT_EMIT_LOC_STRINGS = YES;
				SWIFT_VERSION = 5.0;
				TARGETED_DEVICE_FAMILY = 1;
			};
			name = Debug;
		};
		BB75321627FDCE2D00E520E5 /* Release */ = {
			isa = XCBuildConfiguration;
			baseConfigurationReference = 0B4BCD254F56121CBD40E49A /* Pods-AuthorizationForm.release.xcconfig */;
			buildSettings = {
				ASSETCATALOG_COMPILER_APPICON_NAME = AppIcon;
				ASSETCATALOG_COMPILER_GLOBAL_ACCENT_COLOR_NAME = AccentColor;
				CODE_SIGN_STYLE = Automatic;
				CURRENT_PROJECT_VERSION = 1;
				DEVELOPMENT_TEAM = 4G4D5WHAZT;
				GENERATE_INFOPLIST_FILE = YES;
				INFOPLIST_FILE = AuthorizationForm/Info.plist;
				INFOPLIST_KEY_UIApplicationSupportsIndirectInputEvents = YES;
				INFOPLIST_KEY_UILaunchStoryboardName = LaunchScreen;
				INFOPLIST_KEY_UIMainStoryboardFile = Main;
				INFOPLIST_KEY_UIStatusBarHidden = NO;
				INFOPLIST_KEY_UISupportedInterfaceOrientations_iPad = "UIInterfaceOrientationPortrait UIInterfaceOrientationPortraitUpsideDown UIInterfaceOrientationLandscapeLeft UIInterfaceOrientationLandscapeRight";
				INFOPLIST_KEY_UISupportedInterfaceOrientations_iPhone = "UIInterfaceOrientationPortrait UIInterfaceOrientationLandscapeLeft UIInterfaceOrientationLandscapeRight";
				LD_RUNPATH_SEARCH_PATHS = (
					"$(inherited)",
					"@executable_path/Frameworks",
				);
				MARKETING_VERSION = 1.0;
				PRODUCT_BUNDLE_IDENTIFIER = local.AuthorizationForm;
				PRODUCT_NAME = "$(TARGET_NAME)";
				SWIFT_EMIT_LOC_STRINGS = YES;
				SWIFT_VERSION = 5.0;
				TARGETED_DEVICE_FAMILY = 1;
			};
			name = Release;
		};
/* End XCBuildConfiguration section */

/* Begin XCConfigurationList section */
		BB7531FB27FDCE2900E520E5 /* Build configuration list for PBXProject "AuthorizationForm" */ = {
			isa = XCConfigurationList;
			buildConfigurations = (
				BB75321227FDCE2D00E520E5 /* Debug */,
				BB75321327FDCE2D00E520E5 /* Release */,
			);
			defaultConfigurationIsVisible = 0;
			defaultConfigurationName = Release;
		};
		BB75321427FDCE2D00E520E5 /* Build configuration list for PBXNativeTarget "AuthorizationForm" */ = {
			isa = XCConfigurationList;
			buildConfigurations = (
				BB75321527FDCE2D00E520E5 /* Debug */,
				BB75321627FDCE2D00E520E5 /* Release */,
			);
			defaultConfigurationIsVisible = 0;
			defaultConfigurationName = Release;
		};
/* End XCConfigurationList section */
	};
	rootObject = BB7531F827FDCE2900E520E5 /* Project object */;
}
